
Microsoft Visual Studio Solution File, Format Version 12.00
# Visual Studio 14
VisualStudioVersion = 14.0.23107.0
MinimumVisualStudioVersion = 10.0.40219.1
Project("{FAE04EC0-301F-11D3-BF4B-00C04F79EFBC}") = "WlanProfileViewer", "WlanProfileViewer\WlanProfileViewer.csproj", "{056EF371-BF6B-42C3-82B7-A113CAFA5718}"
EndProject
Project("{FAE04EC0-301F-11D3-BF4B-00C04F79EFBC}") = "VisualStateTest", "VisualStateTest\VisualStateTest.csproj", "{BCE9DA19-3C0D-4F17-8927-1320CF13CF2F}"
EndProject
Project("{FAE04EC0-301F-11D3-BF4B-00C04F79EFBC}") = "ReactivePropertyTest", "ReactivePropertyTest\ReactivePropertyTest.csproj", "{2010B70C-7FEF-4C71-9E96-E09860401833}"
EndProject
Project("{FAE04EC0-301F-11D3-BF4B-00C04F79EFBC}") = "IconImage", "IconImage\IconImage.csproj", "{566D20ED-A863-43BA-BC28-D21E46FEC661}"
EndProject
Global
	GlobalSection(SolutionConfigurationPlatforms) = preSolution
		Debug|Any CPU = Debug|Any CPU
		Release|Any CPU = Release|Any CPU
	EndGlobalSection
	GlobalSection(ProjectConfigurationPlatforms) = postSolution
		{056EF371-BF6B-42C3-82B7-A113CAFA5718}.Debug|Any CPU.ActiveCfg = Debug|Any CPU
		{056EF371-BF6B-42C3-82B7-A113CAFA5718}.Debug|Any CPU.Build.0 = Debug|Any CPU
		{056EF371-BF6B-42C3-82B7-A113CAFA5718}.Release|Any CPU.ActiveCfg = Release|Any CPU
		{056EF371-BF6B-42C3-82B7-A113CAFA5718}.Release|Any CPU.Build.0 = Release|Any CPU
		{BCE9DA19-3C0D-4F17-8927-1320CF13CF2F}.Debug|Any CPU.ActiveCfg = Debug|Any CPU
		{BCE9DA19-3C0D-4F17-8927-1320CF13CF2F}.Debug|Any CPU.Build.0 = Debug|Any CPU
		{BCE9DA19-3C0D-4F17-8927-1320CF13CF2F}.Release|Any CPU.ActiveCfg = Release|Any CPU
		{BCE9DA19-3C0D-4F17-8927-1320CF13CF2F}.Release|Any CPU.Build.0 = Release|Any CPU
		{2010B70C-7FEF-4C71-9E96-E09860401833}.Debug|Any CPU.ActiveCfg = Debug|Any CPU
		{2010B70C-7FEF-4C71-9E96-E09860401833}.Debug|Any CPU.Build.0 = Debug|Any CPU
		{2010B70C-7FEF-4C71-9E96-E09860401833}.Release|Any CPU.ActiveCfg = Release|Any CPU
		{2010B70C-7FEF-4C71-9E96-E09860401833}.Release|Any CPU.Build.0 = Release|Any CPU
		{566D20ED-A863-43BA-BC28-D21E46FEC661}.Debug|Any CPU.ActiveCfg = Debug|Any CPU
		{566D20ED-A863-43BA-BC28-D21E46FEC661}.Debug|Any CPU.Build.0 = Debug|Any CPU
		{566D20ED-A863-43BA-BC28-D21E46FEC661}.Release|Any CPU.ActiveCfg = Release|Any CPU
		{566D20ED-A863-43BA-BC28-D21E46FEC661}.Release|Any CPU.Build.0 = Release|Any CPU
	EndGlobalSection
	GlobalSection(SolutionProperties) = preSolution
		HideSolutionNode = FALSE
	EndGlobalSection
EndGlobal
